
Microsoft Visual Studio Solution File, Format Version 11.00
# Visual Studio 2010
<<<<<<< Updated upstream
Project("{FAE04EC0-301F-11D3-BF4B-00C04F79EFBC}") = "com.Tivadar.Best.HTTP", "com.Tivadar.Best.HTTP.csproj", "{97941017-546c-56af-9d4a-11284253c5b9}"
EndProject
Project("{FAE04EC0-301F-11D3-BF4B-00C04F79EFBC}") = "Assembly-CSharp-Editor", "Assembly-CSharp-Editor.csproj", "{ef256596-d189-f8f5-b2fb-714e31e7d7fb}"
EndProject
Project("{FAE04EC0-301F-11D3-BF4B-00C04F79EFBC}") = "com.Tivadar.Best.WebSockets", "com.Tivadar.Best.WebSockets.csproj", "{ada9c522-0663-fb8f-264a-110660be6845}"
EndProject
Project("{FAE04EC0-301F-11D3-BF4B-00C04F79EFBC}") = "UniTask", "UniTask.csproj", "{91e46528-44c1-f132-c35a-7198469e8664}"
EndProject
Project("{FAE04EC0-301F-11D3-BF4B-00C04F79EFBC}") = "FoxCard.HotFix_UI", "FoxCard.HotFix_UI.csproj", "{82e0873b-823e-fcbb-c8e0-764770f1d8d0}"
EndProject
Project("{FAE04EC0-301F-11D3-BF4B-00C04F79EFBC}") = "WxEditor", "WxEditor.csproj", "{67d2d6b2-33c2-0e7b-dd94-e0ffb7f43f08}"
EndProject
Project("{FAE04EC0-301F-11D3-BF4B-00C04F79EFBC}") = "UniTask.Linq", "UniTask.Linq.csproj", "{9d812ab8-497d-8d32-55d2-d94dac77e731}"
EndProject
Project("{FAE04EC0-301F-11D3-BF4B-00C04F79EFBC}") = "MessagePack", "MessagePack.csproj", "{d7c6405f-2b48-70ed-4f8e-3bacc831529f}"
EndProject
Project("{FAE04EC0-301F-11D3-BF4B-00C04F79EFBC}") = "FoxCard.HotFix_Logic", "FoxCard.HotFix_Logic.csproj", "{b992996d-d2d5-6fc5-0305-f9c03b8f8ef7}"
EndProject
Project("{FAE04EC0-301F-11D3-BF4B-00C04F79EFBC}") = "FoxCard.Main", "FoxCard.Main.csproj", "{0b5a4c11-7656-54a6-1b15-fbd9a5c9ecc5}"
EndProject
Project("{FAE04EC0-301F-11D3-BF4B-00C04F79EFBC}") = "com.Tivadar.Best.TLSSecurity", "com.Tivadar.Best.TLSSecurity.csproj", "{fcbc1a79-e9a0-3390-4c61-312a3d886a8a}"
EndProject
Project("{FAE04EC0-301F-11D3-BF4B-00C04F79EFBC}") = "DOTween.Modules", "DOTween.Modules.csproj", "{2f20b052-9707-3bb6-1e60-492db364c69b}"
EndProject
Project("{FAE04EC0-301F-11D3-BF4B-00C04F79EFBC}") = "UniTask.Addressables", "UniTask.Addressables.csproj", "{575b4a03-aef7-7a0c-0243-7d7692d07df6}"
EndProject
Project("{FAE04EC0-301F-11D3-BF4B-00C04F79EFBC}") = "LoopScrollRect.Runtime", "LoopScrollRect.Runtime.csproj", "{f9279f6a-7b3d-458d-804e-537b315a9b2e}"
EndProject
Project("{FAE04EC0-301F-11D3-BF4B-00C04F79EFBC}") = "DOTweenPro.Scripts", "DOTweenPro.Scripts.csproj", "{c836851e-2239-2b30-1b56-6363ee8abf07}"
EndProject
Project("{FAE04EC0-301F-11D3-BF4B-00C04F79EFBC}") = "com.Tivadar.Best.TLSSecurity.Samples.BatchedTests", "com.Tivadar.Best.TLSSecurity.Samples.BatchedTests.csproj", "{4b26cea3-46d3-501c-987a-b9198f15f4b6}"
EndProject
Project("{FAE04EC0-301F-11D3-BF4B-00C04F79EFBC}") = "com.Tivadar.Best.TLSSecurity.Editor", "com.Tivadar.Best.TLSSecurity.Editor.csproj", "{7972f37c-5498-453f-b456-c502df687ae1}"
EndProject
Project("{FAE04EC0-301F-11D3-BF4B-00C04F79EFBC}") = "Wx", "Wx.csproj", "{e84e50ad-74ee-466a-5196-3b4c1fd6b108}"
EndProject
Project("{FAE04EC0-301F-11D3-BF4B-00C04F79EFBC}") = "UniTask.YooAsset", "UniTask.YooAsset.csproj", "{0e9d882f-24c0-1fdd-a1b8-158a6b43ee9e}"
EndProject
Project("{FAE04EC0-301F-11D3-BF4B-00C04F79EFBC}") = "MessagePack.Annotations", "MessagePack.Annotations.csproj", "{e5c522e9-0119-39c1-763f-c8d4a09f8d2b}"
EndProject
Project("{FAE04EC0-301F-11D3-BF4B-00C04F79EFBC}") = "com.Tivadar.Best.SignalR", "com.Tivadar.Best.SignalR.csproj", "{6392cd3d-3347-8511-3209-5be462e24941}"
EndProject
Project("{FAE04EC0-301F-11D3-BF4B-00C04F79EFBC}") = "UniTask.TextMeshPro", "UniTask.TextMeshPro.csproj", "{f6f1285e-fb99-c1c2-c3f6-0d7a8e5a9c62}"
EndProject
Project("{FAE04EC0-301F-11D3-BF4B-00C04F79EFBC}") = "UniTask.DOTween", "UniTask.DOTween.csproj", "{475c7890-d4f4-dba9-1a31-ff2f1156d1a7}"
EndProject
Project("{FAE04EC0-301F-11D3-BF4B-00C04F79EFBC}") = "com.Tivadar.Best.HTTP.Profiler.Editor", "com.Tivadar.Best.HTTP.Profiler.Editor.csproj", "{b0d5fbbf-5a0a-d5be-c447-ade35ba0b451}"
EndProject
Project("{FAE04EC0-301F-11D3-BF4B-00C04F79EFBC}") = "MessagePack.UnityEditor", "MessagePack.UnityEditor.csproj", "{f398dbbd-787e-022f-4c8e-ad2e853c6356}"
EndProject
Project("{FAE04EC0-301F-11D3-BF4B-00C04F79EFBC}") = "LoopScrollRect.Editor", "LoopScrollRect.Editor.csproj", "{210eec82-1460-9648-f494-63488cbc1488}"
EndProject
Project("{FAE04EC0-301F-11D3-BF4B-00C04F79EFBC}") = "Assembly-CSharp", "Assembly-CSharp.csproj", "{09908902-ec66-7cb8-fec0-200ebcb1fc15}"
EndProject
Project("{FAE04EC0-301F-11D3-BF4B-00C04F79EFBC}") = "UniTask.Editor", "UniTask.Editor.csproj", "{412f55ed-2bbf-726c-c591-633c73495a30}"
EndProject
Project("{FAE04EC0-301F-11D3-BF4B-00C04F79EFBC}") = "DOTweenPro.EditorScripts", "DOTweenPro.EditorScripts.csproj", "{cea61e39-2757-d6ac-858c-59e35c918fd3}"
EndProject
Project("{FAE04EC0-301F-11D3-BF4B-00C04F79EFBC}") = "Assembly-CSharp-firstpass", "Assembly-CSharp-firstpass.csproj", "{f49220ea-9d95-4e36-d0f9-9ef3a3596ad1}"
EndProject
Project("{FAE04EC0-301F-11D3-BF4B-00C04F79EFBC}") = "Assembly-CSharp-Editor-firstpass", "Assembly-CSharp-Editor-firstpass.csproj", "{70d9238a-a22c-dfc3-a109-e8a4500362f2}"
=======
Project("{FAE04EC0-301F-11D3-BF4B-00C04F79EFBC}") = "UniTask.Linq", "UniTask.Linq.csproj", "{9d812ab8-497d-8d32-55d2-d94dac77e731}"
EndProject
Project("{FAE04EC0-301F-11D3-BF4B-00C04F79EFBC}") = "Assembly-CSharp-Editor", "Assembly-CSharp-Editor.csproj", "{ef256596-d189-f8f5-b2fb-714e31e7d7fb}"
EndProject
Project("{FAE04EC0-301F-11D3-BF4B-00C04F79EFBC}") = "UniTask", "UniTask.csproj", "{91e46528-44c1-f132-c35a-7198469e8664}"
EndProject
Project("{FAE04EC0-301F-11D3-BF4B-00C04F79EFBC}") = "FoxCard.HotFix_UI", "FoxCard.HotFix_UI.csproj", "{82e0873b-823e-fcbb-c8e0-764770f1d8d0}"
EndProject
Project("{FAE04EC0-301F-11D3-BF4B-00C04F79EFBC}") = "WxEditor", "WxEditor.csproj", "{67d2d6b2-33c2-0e7b-dd94-e0ffb7f43f08}"
EndProject
Project("{FAE04EC0-301F-11D3-BF4B-00C04F79EFBC}") = "FoxCard.Main", "FoxCard.Main.csproj", "{0b5a4c11-7656-54a6-1b15-fbd9a5c9ecc5}"
EndProject
Project("{FAE04EC0-301F-11D3-BF4B-00C04F79EFBC}") = "Wx", "Wx.csproj", "{e84e50ad-74ee-466a-5196-3b4c1fd6b108}"
EndProject
Project("{FAE04EC0-301F-11D3-BF4B-00C04F79EFBC}") = "FoxCard.HotFix_Logic", "FoxCard.HotFix_Logic.csproj", "{b992996d-d2d5-6fc5-0305-f9c03b8f8ef7}"
EndProject
Project("{FAE04EC0-301F-11D3-BF4B-00C04F79EFBC}") = "UniTask.Addressables", "UniTask.Addressables.csproj", "{575b4a03-aef7-7a0c-0243-7d7692d07df6}"
EndProject
Project("{FAE04EC0-301F-11D3-BF4B-00C04F79EFBC}") = "UniTask.YooAsset", "UniTask.YooAsset.csproj", "{0e9d882f-24c0-1fdd-a1b8-158a6b43ee9e}"
EndProject
Project("{FAE04EC0-301F-11D3-BF4B-00C04F79EFBC}") = "UniTask.TextMeshPro", "UniTask.TextMeshPro.csproj", "{f6f1285e-fb99-c1c2-c3f6-0d7a8e5a9c62}"
EndProject
Project("{FAE04EC0-301F-11D3-BF4B-00C04F79EFBC}") = "LoopScrollRect.Editor", "LoopScrollRect.Editor.csproj", "{210eec82-1460-9648-f494-63488cbc1488}"
EndProject
Project("{FAE04EC0-301F-11D3-BF4B-00C04F79EFBC}") = "UniTask.DOTween", "UniTask.DOTween.csproj", "{475c7890-d4f4-dba9-1a31-ff2f1156d1a7}"
EndProject
Project("{FAE04EC0-301F-11D3-BF4B-00C04F79EFBC}") = "Assembly-CSharp", "Assembly-CSharp.csproj", "{09908902-ec66-7cb8-fec0-200ebcb1fc15}"
EndProject
Project("{FAE04EC0-301F-11D3-BF4B-00C04F79EFBC}") = "UniTask.Editor", "UniTask.Editor.csproj", "{412f55ed-2bbf-726c-c591-633c73495a30}"
EndProject
Project("{FAE04EC0-301F-11D3-BF4B-00C04F79EFBC}") = "Assembly-CSharp-firstpass", "Assembly-CSharp-firstpass.csproj", "{f49220ea-9d95-4e36-d0f9-9ef3a3596ad1}"
>>>>>>> Stashed changes
EndProject
Global
	GlobalSection(SolutionConfigurationPlatforms) = preSolution
		Debug|Any CPU = Debug|Any CPU
	EndGlobalSection
	GlobalSection(ProjectConfigurationPlatforms) = postSolution
<<<<<<< Updated upstream
		{97941017-546c-56af-9d4a-11284253c5b9}.Debug|Any CPU.ActiveCfg = Debug|Any CPU
		{97941017-546c-56af-9d4a-11284253c5b9}.Debug|Any CPU.Build.0 = Debug|Any CPU
		{ef256596-d189-f8f5-b2fb-714e31e7d7fb}.Debug|Any CPU.ActiveCfg = Debug|Any CPU
		{ef256596-d189-f8f5-b2fb-714e31e7d7fb}.Debug|Any CPU.Build.0 = Debug|Any CPU
		{ada9c522-0663-fb8f-264a-110660be6845}.Debug|Any CPU.ActiveCfg = Debug|Any CPU
		{ada9c522-0663-fb8f-264a-110660be6845}.Debug|Any CPU.Build.0 = Debug|Any CPU
=======
		{9d812ab8-497d-8d32-55d2-d94dac77e731}.Debug|Any CPU.ActiveCfg = Debug|Any CPU
		{9d812ab8-497d-8d32-55d2-d94dac77e731}.Debug|Any CPU.Build.0 = Debug|Any CPU
		{ef256596-d189-f8f5-b2fb-714e31e7d7fb}.Debug|Any CPU.ActiveCfg = Debug|Any CPU
		{ef256596-d189-f8f5-b2fb-714e31e7d7fb}.Debug|Any CPU.Build.0 = Debug|Any CPU
>>>>>>> Stashed changes
		{91e46528-44c1-f132-c35a-7198469e8664}.Debug|Any CPU.ActiveCfg = Debug|Any CPU
		{91e46528-44c1-f132-c35a-7198469e8664}.Debug|Any CPU.Build.0 = Debug|Any CPU
		{82e0873b-823e-fcbb-c8e0-764770f1d8d0}.Debug|Any CPU.ActiveCfg = Debug|Any CPU
		{82e0873b-823e-fcbb-c8e0-764770f1d8d0}.Debug|Any CPU.Build.0 = Debug|Any CPU
		{67d2d6b2-33c2-0e7b-dd94-e0ffb7f43f08}.Debug|Any CPU.ActiveCfg = Debug|Any CPU
		{67d2d6b2-33c2-0e7b-dd94-e0ffb7f43f08}.Debug|Any CPU.Build.0 = Debug|Any CPU
<<<<<<< Updated upstream
		{9d812ab8-497d-8d32-55d2-d94dac77e731}.Debug|Any CPU.ActiveCfg = Debug|Any CPU
		{9d812ab8-497d-8d32-55d2-d94dac77e731}.Debug|Any CPU.Build.0 = Debug|Any CPU
		{d7c6405f-2b48-70ed-4f8e-3bacc831529f}.Debug|Any CPU.ActiveCfg = Debug|Any CPU
		{d7c6405f-2b48-70ed-4f8e-3bacc831529f}.Debug|Any CPU.Build.0 = Debug|Any CPU
		{b992996d-d2d5-6fc5-0305-f9c03b8f8ef7}.Debug|Any CPU.ActiveCfg = Debug|Any CPU
		{b992996d-d2d5-6fc5-0305-f9c03b8f8ef7}.Debug|Any CPU.Build.0 = Debug|Any CPU
		{0b5a4c11-7656-54a6-1b15-fbd9a5c9ecc5}.Debug|Any CPU.ActiveCfg = Debug|Any CPU
		{0b5a4c11-7656-54a6-1b15-fbd9a5c9ecc5}.Debug|Any CPU.Build.0 = Debug|Any CPU
		{fcbc1a79-e9a0-3390-4c61-312a3d886a8a}.Debug|Any CPU.ActiveCfg = Debug|Any CPU
		{fcbc1a79-e9a0-3390-4c61-312a3d886a8a}.Debug|Any CPU.Build.0 = Debug|Any CPU
		{2f20b052-9707-3bb6-1e60-492db364c69b}.Debug|Any CPU.ActiveCfg = Debug|Any CPU
		{2f20b052-9707-3bb6-1e60-492db364c69b}.Debug|Any CPU.Build.0 = Debug|Any CPU
		{575b4a03-aef7-7a0c-0243-7d7692d07df6}.Debug|Any CPU.ActiveCfg = Debug|Any CPU
		{575b4a03-aef7-7a0c-0243-7d7692d07df6}.Debug|Any CPU.Build.0 = Debug|Any CPU
		{f9279f6a-7b3d-458d-804e-537b315a9b2e}.Debug|Any CPU.ActiveCfg = Debug|Any CPU
		{f9279f6a-7b3d-458d-804e-537b315a9b2e}.Debug|Any CPU.Build.0 = Debug|Any CPU
		{c836851e-2239-2b30-1b56-6363ee8abf07}.Debug|Any CPU.ActiveCfg = Debug|Any CPU
		{c836851e-2239-2b30-1b56-6363ee8abf07}.Debug|Any CPU.Build.0 = Debug|Any CPU
		{4b26cea3-46d3-501c-987a-b9198f15f4b6}.Debug|Any CPU.ActiveCfg = Debug|Any CPU
		{4b26cea3-46d3-501c-987a-b9198f15f4b6}.Debug|Any CPU.Build.0 = Debug|Any CPU
		{7972f37c-5498-453f-b456-c502df687ae1}.Debug|Any CPU.ActiveCfg = Debug|Any CPU
		{7972f37c-5498-453f-b456-c502df687ae1}.Debug|Any CPU.Build.0 = Debug|Any CPU
		{e84e50ad-74ee-466a-5196-3b4c1fd6b108}.Debug|Any CPU.ActiveCfg = Debug|Any CPU
		{e84e50ad-74ee-466a-5196-3b4c1fd6b108}.Debug|Any CPU.Build.0 = Debug|Any CPU
		{0e9d882f-24c0-1fdd-a1b8-158a6b43ee9e}.Debug|Any CPU.ActiveCfg = Debug|Any CPU
		{0e9d882f-24c0-1fdd-a1b8-158a6b43ee9e}.Debug|Any CPU.Build.0 = Debug|Any CPU
		{e5c522e9-0119-39c1-763f-c8d4a09f8d2b}.Debug|Any CPU.ActiveCfg = Debug|Any CPU
		{e5c522e9-0119-39c1-763f-c8d4a09f8d2b}.Debug|Any CPU.Build.0 = Debug|Any CPU
		{6392cd3d-3347-8511-3209-5be462e24941}.Debug|Any CPU.ActiveCfg = Debug|Any CPU
		{6392cd3d-3347-8511-3209-5be462e24941}.Debug|Any CPU.Build.0 = Debug|Any CPU
		{f6f1285e-fb99-c1c2-c3f6-0d7a8e5a9c62}.Debug|Any CPU.ActiveCfg = Debug|Any CPU
		{f6f1285e-fb99-c1c2-c3f6-0d7a8e5a9c62}.Debug|Any CPU.Build.0 = Debug|Any CPU
		{475c7890-d4f4-dba9-1a31-ff2f1156d1a7}.Debug|Any CPU.ActiveCfg = Debug|Any CPU
		{475c7890-d4f4-dba9-1a31-ff2f1156d1a7}.Debug|Any CPU.Build.0 = Debug|Any CPU
		{b0d5fbbf-5a0a-d5be-c447-ade35ba0b451}.Debug|Any CPU.ActiveCfg = Debug|Any CPU
		{b0d5fbbf-5a0a-d5be-c447-ade35ba0b451}.Debug|Any CPU.Build.0 = Debug|Any CPU
		{f398dbbd-787e-022f-4c8e-ad2e853c6356}.Debug|Any CPU.ActiveCfg = Debug|Any CPU
		{f398dbbd-787e-022f-4c8e-ad2e853c6356}.Debug|Any CPU.Build.0 = Debug|Any CPU
		{210eec82-1460-9648-f494-63488cbc1488}.Debug|Any CPU.ActiveCfg = Debug|Any CPU
		{210eec82-1460-9648-f494-63488cbc1488}.Debug|Any CPU.Build.0 = Debug|Any CPU
=======
		{0b5a4c11-7656-54a6-1b15-fbd9a5c9ecc5}.Debug|Any CPU.ActiveCfg = Debug|Any CPU
		{0b5a4c11-7656-54a6-1b15-fbd9a5c9ecc5}.Debug|Any CPU.Build.0 = Debug|Any CPU
		{e84e50ad-74ee-466a-5196-3b4c1fd6b108}.Debug|Any CPU.ActiveCfg = Debug|Any CPU
		{e84e50ad-74ee-466a-5196-3b4c1fd6b108}.Debug|Any CPU.Build.0 = Debug|Any CPU
		{b992996d-d2d5-6fc5-0305-f9c03b8f8ef7}.Debug|Any CPU.ActiveCfg = Debug|Any CPU
		{b992996d-d2d5-6fc5-0305-f9c03b8f8ef7}.Debug|Any CPU.Build.0 = Debug|Any CPU
		{575b4a03-aef7-7a0c-0243-7d7692d07df6}.Debug|Any CPU.ActiveCfg = Debug|Any CPU
		{575b4a03-aef7-7a0c-0243-7d7692d07df6}.Debug|Any CPU.Build.0 = Debug|Any CPU
		{0e9d882f-24c0-1fdd-a1b8-158a6b43ee9e}.Debug|Any CPU.ActiveCfg = Debug|Any CPU
		{0e9d882f-24c0-1fdd-a1b8-158a6b43ee9e}.Debug|Any CPU.Build.0 = Debug|Any CPU
		{f6f1285e-fb99-c1c2-c3f6-0d7a8e5a9c62}.Debug|Any CPU.ActiveCfg = Debug|Any CPU
		{f6f1285e-fb99-c1c2-c3f6-0d7a8e5a9c62}.Debug|Any CPU.Build.0 = Debug|Any CPU
		{210eec82-1460-9648-f494-63488cbc1488}.Debug|Any CPU.ActiveCfg = Debug|Any CPU
		{210eec82-1460-9648-f494-63488cbc1488}.Debug|Any CPU.Build.0 = Debug|Any CPU
		{475c7890-d4f4-dba9-1a31-ff2f1156d1a7}.Debug|Any CPU.ActiveCfg = Debug|Any CPU
		{475c7890-d4f4-dba9-1a31-ff2f1156d1a7}.Debug|Any CPU.Build.0 = Debug|Any CPU
>>>>>>> Stashed changes
		{09908902-ec66-7cb8-fec0-200ebcb1fc15}.Debug|Any CPU.ActiveCfg = Debug|Any CPU
		{09908902-ec66-7cb8-fec0-200ebcb1fc15}.Debug|Any CPU.Build.0 = Debug|Any CPU
		{412f55ed-2bbf-726c-c591-633c73495a30}.Debug|Any CPU.ActiveCfg = Debug|Any CPU
		{412f55ed-2bbf-726c-c591-633c73495a30}.Debug|Any CPU.Build.0 = Debug|Any CPU
<<<<<<< Updated upstream
		{cea61e39-2757-d6ac-858c-59e35c918fd3}.Debug|Any CPU.ActiveCfg = Debug|Any CPU
		{cea61e39-2757-d6ac-858c-59e35c918fd3}.Debug|Any CPU.Build.0 = Debug|Any CPU
		{f49220ea-9d95-4e36-d0f9-9ef3a3596ad1}.Debug|Any CPU.ActiveCfg = Debug|Any CPU
		{f49220ea-9d95-4e36-d0f9-9ef3a3596ad1}.Debug|Any CPU.Build.0 = Debug|Any CPU
		{70d9238a-a22c-dfc3-a109-e8a4500362f2}.Debug|Any CPU.ActiveCfg = Debug|Any CPU
		{70d9238a-a22c-dfc3-a109-e8a4500362f2}.Debug|Any CPU.Build.0 = Debug|Any CPU
=======
		{f49220ea-9d95-4e36-d0f9-9ef3a3596ad1}.Debug|Any CPU.ActiveCfg = Debug|Any CPU
		{f49220ea-9d95-4e36-d0f9-9ef3a3596ad1}.Debug|Any CPU.Build.0 = Debug|Any CPU
>>>>>>> Stashed changes
	EndGlobalSection
	GlobalSection(SolutionProperties) = preSolution
		HideSolutionNode = FALSE
	EndGlobalSection
EndGlobal
